PODS:
  - Flutter (1.0.0)
  - lb_flutter (0.0.1):
    - Flutter
    - LBLelinkKit
  - LBLelinkKit (30706)

DEPENDENCIES:
  - Flutter (from `Flutter`)
  - lb_flutter (from `.symlinks/plugins/lb_flutter/ios`)

SPEC REPOS:
  trunk:
    - LBLelinkKit

EXTERNAL SOURCES:
  Flutter:
    :path: Flutter
  lb_flutter:
    :path: ".symlinks/plugins/lb_flutter/ios"

SPEC CHECKSUMS:
  Flutter: 50d75fe2f02b26cc09d224853bb45737f8b3214a
  lb_flutter: 5a03312376506a772e1b2542be9731f57645c807
  LBLelinkKit: 7fbaae07a4c26e6bb740c6d07e99a8886bc1dd62

PODFILE CHECKSUM: aafe91acc616949ddb318b77800a7f51bffa2a4c

COCOAPODS: 1.10.1
